
Microsoft Visual Studio Solution File, Format Version 12.00
# Visual Studio Version 17
VisualStudioVersion = 17.8.34309.116
MinimumVisualStudioVersion = 10.0.40219.1
Project("{FAE04EC0-301F-11D3-BF4B-00C04F79EFBC}") = "DDDwithMediatR", "DDDwithMediatR\DDDwithMediatR.csproj", "{7BB8FD69-B6EF-4242-BDE8-FB4CF72C3865}"
EndProject
Global
	GlobalSection(SolutionConfigurationPlatforms) = preSolution
		Debug|Any CPU = Debug|Any CPU
		Release|Any CPU = Release|Any CPU
	EndGlobalSection
	GlobalSection(ProjectConfigurationPlatforms) = postSolution
		{7BB8FD69-B6EF-4242-BDE8-FB4CF72C3865}.Debug|Any CPU.ActiveCfg = Debug|Any CPU
		{7BB8FD69-B6EF-4242-BDE8-FB4CF72C3865}.Debug|Any CPU.Build.0 = Debug|Any CPU
		{7BB8FD69-B6EF-4242-BDE8-FB4CF72C3865}.Release|Any CPU.ActiveCfg = Release|Any CPU
		{7BB8FD69-B6EF-4242-BDE8-FB4CF72C3865}.Release|Any CPU.Build.0 = Release|Any CPU
	EndGlobalSection
	GlobalSection(SolutionProperties) = preSolution
		HideSolutionNode = FALSE
	EndGlobalSection
	GlobalSection(ExtensibilityGlobals) = postSolution
		SolutionGuid = {E3B2EB8E-CFC6-4FC6-8AA6-5844FE16ABC9}
	EndGlobalSection
EndGlobal
